
Microsoft Visual Studio Solution File, Format Version 12.00
# Visual Studio 2013
VisualStudioVersion = 12.0.31206.0
MinimumVisualStudioVersion = 10.0.40219.1
Project("{FAE04EC0-301F-11D3-BF4B-00C04F79EFBC}") = "Delegate.SPA.Template", "Delegate.SPA.Template\Delegate.SPA.Template.csproj", "{6B0E71BB-87AA-460A-83C3-FA5CE0993394}"
EndProject
Project("{FAE04EC0-301F-11D3-BF4B-00C04F79EFBC}") = "Delegate.SPA.Template.Installer", "Delegate.SPA.Template.Installer\Delegate.SPA.Template.Installer.csproj", "{92994B63-BF27-4C6B-BC61-0C7C4641DF6B}"
EndProject
Global
	GlobalSection(SolutionConfigurationPlatforms) = preSolution
		Debug|Any CPU = Debug|Any CPU
		Release|Any CPU = Release|Any CPU
	EndGlobalSection
	GlobalSection(ProjectConfigurationPlatforms) = postSolution
		{6B0E71BB-87AA-460A-83C3-FA5CE0993394}.Debug|Any CPU.ActiveCfg = Debug|Any CPU
		{6B0E71BB-87AA-460A-83C3-FA5CE0993394}.Debug|Any CPU.Build.0 = Debug|Any CPU
		{6B0E71BB-87AA-460A-83C3-FA5CE0993394}.Release|Any CPU.ActiveCfg = Release|Any CPU
		{6B0E71BB-87AA-460A-83C3-FA5CE0993394}.Release|Any CPU.Build.0 = Release|Any CPU
		{92994B63-BF27-4C6B-BC61-0C7C4641DF6B}.Debug|Any CPU.ActiveCfg = Debug|Any CPU
		{92994B63-BF27-4C6B-BC61-0C7C4641DF6B}.Debug|Any CPU.Build.0 = Debug|Any CPU
		{92994B63-BF27-4C6B-BC61-0C7C4641DF6B}.Release|Any CPU.ActiveCfg = Release|Any CPU
		{92994B63-BF27-4C6B-BC61-0C7C4641DF6B}.Release|Any CPU.Build.0 = Release|Any CPU
	EndGlobalSection
	GlobalSection(SolutionProperties) = preSolution
		HideSolutionNode = FALSE
	EndGlobalSection
EndGlobal
